// !$*UTF8*$!
{
	archiveVersion = 1;
	classes = {
	};
	objectVersion = 46;
	objects = {

/* Begin PBXBuildFile section */
		00E356F31AD99517003FC87E /* boostkwTests.m in Sources */ = {isa = PBXBuildFile; fileRef = 00E356F21AD99517003FC87E /* boostkwTests.m */; };
		059610F128BE8D7D008F9489 /* MaterialIcons.ttf in Resources */ = {isa = PBXBuildFile; fileRef = 059610F028BE8D7C008F9489 /* MaterialIcons.ttf */; };
		059610F528BE8D8F008F9489 /* Foundation.ttf in Resources */ = {isa = PBXBuildFile; fileRef = 059610F228BE8D8F008F9489 /* Foundation.ttf */; };
		059610F628BE8D8F008F9489 /* FontAwesome.ttf in Resources */ = {isa = PBXBuildFile; fileRef = 059610F328BE8D8F008F9489 /* FontAwesome.ttf */; };
		059610F728BE8D8F008F9489 /* Ionicons.ttf in Resources */ = {isa = PBXBuildFile; fileRef = 059610F428BE8D8F008F9489 /* Ionicons.ttf */; };
		0B9DE62C79EE48BBB17F2FDF /* RobotoMono-BoldItalic.ttf in Resources */ = {isa = PBXBuildFile; fileRef = 7CD1C8454F8B496F805CD61C /* RobotoMono-BoldItalic.ttf */; };
		0E8573E63F2045C4876DD2F3 /* Orbitron-Regular.ttf in Resources */ = {isa = PBXBuildFile; fileRef = C2E5305ED3BD4554A5E1BE08 /* Orbitron-Regular.ttf */; };
		13B07FBC1A68108700A75B9A /* AppDelegate.mm in Sources */ = {isa = PBXBuildFile; fileRef = 13B07FB01A68108700A75B9A /* AppDelegate.mm */; };
		13B07FBF1A68108700A75B9A /* Images.xcassets in Resources */ = {isa = PBXBuildFile; fileRef = 13B07FB51A68108700A75B9A /* Images.xcassets */; };
		13B07FC11A68108700A75B9A /* main.m in Sources */ = {isa = PBXBuildFile; fileRef = 13B07FB71A68108700A75B9A /* main.m */; };
		14D23C35C99344AF830B5F3A /* Orbitron-Bold.ttf in Resources */ = {isa = PBXBuildFile; fileRef = 1B90FA908AA4487C8646AA2A /* Orbitron-Bold.ttf */; };
		15E4BB4036A34FADB0DC3CB3 /* Montserrat-Italic.ttf in Resources */ = {isa = PBXBuildFile; fileRef = FF519E4E5BC84AA9B0AB4953 /* Montserrat-Italic.ttf */; };
		1689388534BE4FD69CD95A4C /* Roboto-Regular.ttf in Resources */ = {isa = PBXBuildFile; fileRef = B036F9F0D417445D95C5E01F /* Roboto-Regular.ttf */; };
		249EDA7FC94A42B8A21D435D /* Montserrat-LightItalic.ttf in Resources */ = {isa = PBXBuildFile; fileRef = 30519B770AF74372A0F2478B /* Montserrat-LightItalic.ttf */; };
		2A729D66CACC4CC3BE46C7D0 /* Roboto-Light.ttf in Resources */ = {isa = PBXBuildFile; fileRef = 2C9CE818B55E4C02B82320D5 /* Roboto-Light.ttf */; };
		2BE31B0797B94A9A90DC8FF0 /* Montserrat-ExtraLightItalic.ttf in Resources */ = {isa = PBXBuildFile; fileRef = 33508A6281D846A7B3C1E93A /* Montserrat-ExtraLightItalic.ttf */; };
		2D02E4BC1E0B4A80006451C7 /* AppDelegate.mm in Sources */ = {isa = PBXBuildFile; fileRef = 13B07FB01A68108700A75B9A /* AppDelegate.mm */; };
		2D02E4BD1E0B4A84006451C7 /* Images.xcassets in Resources */ = {isa = PBXBuildFile; fileRef = 13B07FB51A68108700A75B9A /* Images.xcassets */; };
		2D02E4BF1E0B4AB3006451C7 /* main.m in Sources */ = {isa = PBXBuildFile; fileRef = 13B07FB71A68108700A75B9A /* main.m */; };
		2DCD954D1E0B4F2C00145EB5 /* boostkwTests.m in Sources */ = {isa = PBXBuildFile; fileRef = 00E356F21AD99517003FC87E /* boostkwTests.m */; };
		34C4E8B82BE44628961949E3 /* Montserrat-SemiBold.ttf in Resources */ = {isa = PBXBuildFile; fileRef = CF3B1FE6CF23487681F17C25 /* Montserrat-SemiBold.ttf */; };
		43795148C8F74A6AAA4E6053 /* Roboto-Italic.ttf in Resources */ = {isa = PBXBuildFile; fileRef = 0DE1F136E7874EBF92100527 /* Roboto-Italic.ttf */; };
		59CFA8ED7D5685DAA7801E25 /* libPods-boostkw.a in Frameworks */ = {isa = PBXBuildFile; fileRef = 37A95CDF403CC34A027026C2 /* libPods-boostkw.a */; };
		607D8B290051427192EED52B /* Montserrat-ExtraBoldItalic.ttf in Resources */ = {isa = PBXBuildFile; fileRef = 5EB99207633541D181DC0AC1 /* Montserrat-ExtraBoldItalic.ttf */; };
		6A54B5486CC24822B7C40CF3 /* Montserrat-Regular.ttf in Resources */ = {isa = PBXBuildFile; fileRef = 5440091E51B14F2591E4547D /* Montserrat-Regular.ttf */; };
		6EBC1461D0854E0B94A10CC3 /* Roboto-Bold.ttf in Resources */ = {isa = PBXBuildFile; fileRef = 82372FE5B71B4753B11FD8CA /* Roboto-Bold.ttf */; };
		713DACE794A248E1AE68ECD7 /* Montserrat-Thin.ttf in Resources */ = {isa = PBXBuildFile; fileRef = 4D0E86C9850244BD978AE61F /* Montserrat-Thin.ttf */; };
		783689C159FC4AA8BD32E963 /* Roboto-Medium.ttf in Resources */ = {isa = PBXBuildFile; fileRef = 5D0764C950CD4CB7B83C8213 /* Roboto-Medium.ttf */; };
		789D5AE2654F4DCCAA821D12 /* Montserrat-BlackItalic.ttf in Resources */ = {isa = PBXBuildFile; fileRef = EBACDF8CA0DA437FA46D426E /* Montserrat-BlackItalic.ttf */; };
		7ACD74E010D34916B8FFB3BF /* Montserrat-ExtraLight.ttf in Resources */ = {isa = PBXBuildFile; fileRef = 7F5802536728452FA9F1C5B5 /* Montserrat-ExtraLight.ttf */; };
		81AB9BB82411601600AC10FF /* LaunchScreen.storyboard in Resources */ = {isa = PBXBuildFile; fileRef = 81AB9BB72411601600AC10FF /* LaunchScreen.storyboard */; };
		89825FF7E99C415789189F2E /* RobotoMono-Bold.ttf in Resources */ = {isa = PBXBuildFile; fileRef = FF2668F2BFEC4549B8F6042D /* RobotoMono-Bold.ttf */; };
		98AFBC8B3ADB472FA05D22AE /* Montserrat-MediumItalic.ttf in Resources */ = {isa = PBXBuildFile; fileRef = 5BC978CE258F4417B082AE09 /* Montserrat-MediumItalic.ttf */; };
		9A8241224C3E44E08688B247 /* Montserrat-ThinItalic.ttf in Resources */ = {isa = PBXBuildFile; fileRef = 67E8685FA97B4528B1AC0276 /* Montserrat-ThinItalic.ttf */; };
		A04CFCA4ED78434780E5D908 /* Montserrat-Black.ttf in Resources */ = {isa = PBXBuildFile; fileRef = A4E1CA96F1954B64A1F88961 /* Montserrat-Black.ttf */; };
		AA60F4991C74435CB91212B6 /* Montserrat-Medium.ttf in Resources */ = {isa = PBXBuildFile; fileRef = 1139287E0CF648E983D18B2D /* Montserrat-Medium.ttf */; };
		AB42A6AAA3664B5A9342AB1C /* RobotoMono-Italic.ttf in Resources */ = {isa = PBXBuildFile; fileRef = 795E561E5C90423B93DB1746 /* RobotoMono-Italic.ttf */; };
		BDC2C71AF807489783C1FCE8 /* Montserrat-ExtraBold.ttf in Resources */ = {isa = PBXBuildFile; fileRef = 7A6000585DCE4C0CB437DCAD /* Montserrat-ExtraBold.ttf */; };
		C1A4B1032CEC4BCD8A29015F /* Montserrat-BoldItalic.ttf in Resources */ = {isa = PBXBuildFile; fileRef = 005408AD570C47F0B3A2E371 /* Montserrat-BoldItalic.ttf */; };
		C5EA68ADC6424808A2A0C366 /* Orbitron-Black.ttf in Resources */ = {isa = PBXBuildFile; fileRef = FB48E89EE37E4E69A6AA7B5C /* Orbitron-Black.ttf */; };
		C771A131C5BB493CBA20060A /* Montserrat-SemiBoldItalic.ttf in Resources */ = {isa = PBXBuildFile; fileRef = 2CAFB46530654BADA8C4DB70 /* Montserrat-SemiBoldItalic.ttf */; };
		CE0C16F7849945E690AE8D64 /* Roboto-BoldItalic.ttf in Resources */ = {isa = PBXBuildFile; fileRef = 4D6B5C38B6774E15B07EC9EE /* Roboto-BoldItalic.ttf */; };
		D6D865255C29467CABEE691C /* Orbitron-Medium.ttf in Resources */ = {isa = PBXBuildFile; fileRef = 1C8EE6087DF049DF87E5691D /* Orbitron-Medium.ttf */; };
		E18BA989796F4035B2B341BB /* Montserrat-Bold.ttf in Resources */ = {isa = PBXBuildFile; fileRef = 62A2E3737AF643FA8BCA6D9B /* Montserrat-Bold.ttf */; };
		EDF44FB0AEAA41FCAB4143D9 /* Montserrat-Light.ttf in Resources */ = {isa = PBXBuildFile; fileRef = 7FAEE2C658204769BEF8592F /* Montserrat-Light.ttf */; };
		F20ABAF8D38D4758A8D17178 /* RobotoMono-Regular.ttf in Resources */ = {isa = PBXBuildFile; fileRef = A72FE04C1CE141F496EA2D8C /* RobotoMono-Regular.ttf */; };
		F77CD8E2356F6C4388C8AA26 /* libPods-boostkw-boostkwTests.a in Frameworks */ = {isa = PBXBuildFile; fileRef = CA7AC1E5128735D038E0526D /* libPods-boostkw-boostkwTests.a */; };
/* End PBXBuildFile section */

/* Begin PBXContainerItemProxy section */
		00E356F41AD99517003FC87E /* PBXContainerItemProxy */ = {
			isa = PBXContainerItemProxy;
			containerPortal = 83CBB9F71A601CBA00E9B192 /* Project object */;
			proxyType = 1;
			remoteGlobalIDString = 13B07F861A680F5B00A75B9A;
			remoteInfo = boostkw;
		};
		2D02E4911E0B4A5D006451C7 /* PBXContainerItemProxy */ = {
			isa = PBXContainerItemProxy;
			containerPortal = 83CBB9F71A601CBA00E9B192 /* Project object */;
			proxyType = 1;
			remoteGlobalIDString = 2D02E47A1E0B4A5D006451C7;
			remoteInfo = "boostkw-tvOS";
		};
/* End PBXContainerItemProxy section */

/* Begin PBXFileReference section */
		005408AD570C47F0B3A2E371 /* Montserrat-BoldItalic.ttf */ = {isa = PBXFileReference; explicitFileType = undefined; fileEncoding = 9; includeInIndex = 0; lastKnownFileType = unknown; name = "Montserrat-BoldItalic.ttf"; path = "../src/Assets/fonts/Montserrat-BoldItalic.ttf"; sourceTree = "<group>"; };
		008F07F21AC5B25A0029DE68 /* main.jsbundle */ = {isa = PBXFileReference; fileEncoding = 4; lastKnownFileType = text; path = main.jsbundle; sourceTree = "<group>"; };
		00E356EE1AD99517003FC87E /* boostkwTests.xctest */ = {isa = PBXFileReference; explicitFileType = wrapper.cfbundle; includeInIndex = 0; path = boostkwTests.xctest; sourceTree = BUILT_PRODUCTS_DIR; };
		00E356F11AD99517003FC87E /* Info.plist */ = {isa = PBXFileReference; lastKnownFileType = text.plist.xml; path = Info.plist; sourceTree = "<group>"; };
		00E356F21AD99517003FC87E /* boostkwTests.m */ = {isa = PBXFileReference; lastKnownFileType = sourcecode.c.objc; path = boostkwTests.m; sourceTree = "<group>"; };
		059610F028BE8D7C008F9489 /* MaterialIcons.ttf */ = {isa = PBXFileReference; lastKnownFileType = file; name = MaterialIcons.ttf; path = "../node_modules/react-native-vector-icons/Fonts/MaterialIcons.ttf"; sourceTree = "<group>"; };
		059610F228BE8D8F008F9489 /* Foundation.ttf */ = {isa = PBXFileReference; lastKnownFileType = file; name = Foundation.ttf; path = "../node_modules/react-native-vector-icons/Fonts/Foundation.ttf"; sourceTree = "<group>"; };
		059610F328BE8D8F008F9489 /* FontAwesome.ttf */ = {isa = PBXFileReference; lastKnownFileType = file; name = FontAwesome.ttf; path = "../node_modules/react-native-vector-icons/Fonts/FontAwesome.ttf"; sourceTree = "<group>"; };
		059610F428BE8D8F008F9489 /* Ionicons.ttf */ = {isa = PBXFileReference; lastKnownFileType = file; name = Ionicons.ttf; path = "../node_modules/react-native-vector-icons/Fonts/Ionicons.ttf"; sourceTree = "<group>"; };
		0DE1F136E7874EBF92100527 /* Roboto-Italic.ttf */ = {isa = PBXFileReference; explicitFileType = undefined; fileEncoding = 9; includeInIndex = 0; lastKnownFileType = unknown; name = "Roboto-Italic.ttf"; path = "../src/Assets/fonts/Roboto-Italic.ttf"; sourceTree = "<group>"; };
		1139287E0CF648E983D18B2D /* Montserrat-Medium.ttf */ = {isa = PBXFileReference; explicitFileType = undefined; fileEncoding = 9; includeInIndex = 0; lastKnownFileType = unknown; name = "Montserrat-Medium.ttf"; path = "../src/Assets/fonts/Montserrat-Medium.ttf"; sourceTree = "<group>"; };
		13B07F961A680F5B00A75B9A /* boostkw.app */ = {isa = PBXFileReference; explicitFileType = wrapper.application; includeInIndex = 0; path = boostkw.app; sourceTree = BUILT_PRODUCTS_DIR; };
		13B07FAF1A68108700A75B9A /* AppDelegate.h */ = {isa = PBXFileReference; fileEncoding = 4; lastKnownFileType = sourcecode.c.h; name = AppDelegate.h; path = boostkw/AppDelegate.h; sourceTree = "<group>"; };
		13B07FB01A68108700A75B9A /* AppDelegate.mm */ = {isa = PBXFileReference; fileEncoding = 4; lastKnownFileType = sourcecode.cpp.objcpp; name = AppDelegate.mm; path = boostkw/AppDelegate.mm; sourceTree = "<group>"; };
		13B07FB51A68108700A75B9A /* Images.xcassets */ = {isa = PBXFileReference; lastKnownFileType = folder.assetcatalog; name = Images.xcassets; path = boostkw/Images.xcassets; sourceTree = "<group>"; };
		13B07FB61A68108700A75B9A /* Info.plist */ = {isa = PBXFileReference; fileEncoding = 4; lastKnownFileType = text.plist.xml; name = Info.plist; path = boostkw/Info.plist; sourceTree = "<group>"; };
		13B07FB71A68108700A75B9A /* main.m */ = {isa = PBXFileReference; fileEncoding = 4; lastKnownFileType = sourcecode.c.objc; name = main.m; path = boostkw/main.m; sourceTree = "<group>"; };
		1B90FA908AA4487C8646AA2A /* Orbitron-Bold.ttf */ = {isa = PBXFileReference; explicitFileType = undefined; fileEncoding = 9; includeInIndex = 0; lastKnownFileType = unknown; name = "Orbitron-Bold.ttf"; path = "../src/Assets/fonts/Orbitron-Bold.ttf"; sourceTree = "<group>"; };
		1C8EE6087DF049DF87E5691D /* Orbitron-Medium.ttf */ = {isa = PBXFileReference; explicitFileType = undefined; fileEncoding = 9; includeInIndex = 0; lastKnownFileType = unknown; name = "Orbitron-Medium.ttf"; path = "../src/Assets/fonts/Orbitron-Medium.ttf"; sourceTree = "<group>"; };
		2C9CE818B55E4C02B82320D5 /* Roboto-Light.ttf */ = {isa = PBXFileReference; explicitFileType = undefined; fileEncoding = 9; includeInIndex = 0; lastKnownFileType = unknown; name = "Roboto-Light.ttf"; path = "../src/Assets/fonts/Roboto-Light.ttf"; sourceTree = "<group>"; };
		2CAFB46530654BADA8C4DB70 /* Montserrat-SemiBoldItalic.ttf */ = {isa = PBXFileReference; explicitFileType = undefined; fileEncoding = 9; includeInIndex = 0; lastKnownFileType = unknown; name = "Montserrat-SemiBoldItalic.ttf"; path = "../src/Assets/fonts/Montserrat-SemiBoldItalic.ttf"; sourceTree = "<group>"; };
		2D02E47B1E0B4A5D006451C7 /* boostkw-tvOS.app */ = {isa = PBXFileReference; explicitFileType = wrapper.application; includeInIndex = 0; path = "boostkw-tvOS.app"; sourceTree = BUILT_PRODUCTS_DIR; };
		2D02E4901E0B4A5D006451C7 /* boostkw-tvOSTests.xctest */ = {isa = PBXFileReference; explicitFileType = wrapper.cfbundle; includeInIndex = 0; path = "boostkw-tvOSTests.xctest"; sourceTree = BUILT_PRODUCTS_DIR; };
		30519B770AF74372A0F2478B /* Montserrat-LightItalic.ttf */ = {isa = PBXFileReference; explicitFileType = undefined; fileEncoding = 9; includeInIndex = 0; lastKnownFileType = unknown; name = "Montserrat-LightItalic.ttf"; path = "../src/Assets/fonts/Montserrat-LightItalic.ttf"; sourceTree = "<group>"; };
		33508A6281D846A7B3C1E93A /* Montserrat-ExtraLightItalic.ttf */ = {isa = PBXFileReference; explicitFileType = undefined; fileEncoding = 9; includeInIndex = 0; lastKnownFileType = unknown; name = "Montserrat-ExtraLightItalic.ttf"; path = "../src/Assets/fonts/Montserrat-ExtraLightItalic.ttf"; sourceTree = "<group>"; };
		37A95CDF403CC34A027026C2 /* libPods-boostkw.a */ = {isa = PBXFileReference; explicitFileType = archive.ar; includeInIndex = 0; path = "libPods-boostkw.a"; sourceTree = BUILT_PRODUCTS_DIR; };
		388B77FC41A99625E43F5063 /* Pods-boostkw-boostkwTests.release.xcconfig */ = {isa = PBXFileReference; includeInIndex = 1; lastKnownFileType = text.xcconfig; name = "Pods-boostkw-boostkwTests.release.xcconfig"; path = "Target Support Files/Pods-boostkw-boostkwTests/Pods-boostkw-boostkwTests.release.xcconfig"; sourceTree = "<group>"; };
		4D0E86C9850244BD978AE61F /* Montserrat-Thin.ttf */ = {isa = PBXFileReference; explicitFileType = undefined; fileEncoding = 9; includeInIndex = 0; lastKnownFileType = unknown; name = "Montserrat-Thin.ttf"; path = "../src/Assets/fonts/Montserrat-Thin.ttf"; sourceTree = "<group>"; };
		4D6B5C38B6774E15B07EC9EE /* Roboto-BoldItalic.ttf */ = {isa = PBXFileReference; explicitFileType = undefined; fileEncoding = 9; includeInIndex = 0; lastKnownFileType = unknown; name = "Roboto-BoldItalic.ttf"; path = "../src/Assets/fonts/Roboto-BoldItalic.ttf"; sourceTree = "<group>"; };
		5440091E51B14F2591E4547D /* Montserrat-Regular.ttf */ = {isa = PBXFileReference; explicitFileType = undefined; fileEncoding = 9; includeInIndex = 0; lastKnownFileType = unknown; name = "Montserrat-Regular.ttf"; path = "../src/Assets/fonts/Montserrat-Regular.ttf"; sourceTree = "<group>"; };
		5BC978CE258F4417B082AE09 /* Montserrat-MediumItalic.ttf */ = {isa = PBXFileReference; explicitFileType = undefined; fileEncoding = 9; includeInIndex = 0; lastKnownFileType = unknown; name = "Montserrat-MediumItalic.ttf"; path = "../src/Assets/fonts/Montserrat-MediumItalic.ttf"; sourceTree = "<group>"; };
		5D0764C950CD4CB7B83C8213 /* Roboto-Medium.ttf */ = {isa = PBXFileReference; explicitFileType = undefined; fileEncoding = 9; includeInIndex = 0; lastKnownFileType = unknown; name = "Roboto-Medium.ttf"; path = "../src/Assets/fonts/Roboto-Medium.ttf"; sourceTree = "<group>"; };
		5EB99207633541D181DC0AC1 /* Montserrat-ExtraBoldItalic.ttf */ = {isa = PBXFileReference; explicitFileType = undefined; fileEncoding = 9; includeInIndex = 0; lastKnownFileType = unknown; name = "Montserrat-ExtraBoldItalic.ttf"; path = "../src/Assets/fonts/Montserrat-ExtraBoldItalic.ttf"; sourceTree = "<group>"; };
		62A2E3737AF643FA8BCA6D9B /* Montserrat-Bold.ttf */ = {isa = PBXFileReference; explicitFileType = undefined; fileEncoding = 9; includeInIndex = 0; lastKnownFileType = unknown; name = "Montserrat-Bold.ttf"; path = "../src/Assets/fonts/Montserrat-Bold.ttf"; sourceTree = "<group>"; };
		67E8685FA97B4528B1AC0276 /* Montserrat-ThinItalic.ttf */ = {isa = PBXFileReference; explicitFileType = undefined; fileEncoding = 9; includeInIndex = 0; lastKnownFileType = unknown; name = "Montserrat-ThinItalic.ttf"; path = "../src/Assets/fonts/Montserrat-ThinItalic.ttf"; sourceTree = "<group>"; };
		795E561E5C90423B93DB1746 /* RobotoMono-Italic.ttf */ = {isa = PBXFileReference; explicitFileType = undefined; fileEncoding = 9; includeInIndex = 0; lastKnownFileType = unknown; name = "RobotoMono-Italic.ttf"; path = "../src/Assets/fonts/RobotoMono-Italic.ttf"; sourceTree = "<group>"; };
		7A6000585DCE4C0CB437DCAD /* Montserrat-ExtraBold.ttf */ = {isa = PBXFileReference; explicitFileType = undefined; fileEncoding = 9; includeInIndex = 0; lastKnownFileType = unknown; name = "Montserrat-ExtraBold.ttf"; path = "../src/Assets/fonts/Montserrat-ExtraBold.ttf"; sourceTree = "<group>"; };
		7CD1C8454F8B496F805CD61C /* RobotoMono-BoldItalic.ttf */ = {isa = PBXFileReference; explicitFileType = undefined; fileEncoding = 9; includeInIndex = 0; lastKnownFileType = unknown; name = "RobotoMono-BoldItalic.ttf"; path = "../src/Assets/fonts/RobotoMono-BoldItalic.ttf"; sourceTree = "<group>"; };
		7F5802536728452FA9F1C5B5 /* Montserrat-ExtraLight.ttf */ = {isa = PBXFileReference; explicitFileType = undefined; fileEncoding = 9; includeInIndex = 0; lastKnownFileType = unknown; name = "Montserrat-ExtraLight.ttf"; path = "../src/Assets/fonts/Montserrat-ExtraLight.ttf"; sourceTree = "<group>"; };
		7FAEE2C658204769BEF8592F /* Montserrat-Light.ttf */ = {isa = PBXFileReference; explicitFileType = undefined; fileEncoding = 9; includeInIndex = 0; lastKnownFileType = unknown; name = "Montserrat-Light.ttf"; path = "../src/Assets/fonts/Montserrat-Light.ttf"; sourceTree = "<group>"; };
		81AB9BB72411601600AC10FF /* LaunchScreen.storyboard */ = {isa = PBXFileReference; fileEncoding = 4; lastKnownFileType = file.storyboard; name = LaunchScreen.storyboard; path = boostkw/LaunchScreen.storyboard; sourceTree = "<group>"; };
		82372FE5B71B4753B11FD8CA /* Roboto-Bold.ttf */ = {isa = PBXFileReference; explicitFileType = undefined; fileEncoding = 9; includeInIndex = 0; lastKnownFileType = unknown; name = "Roboto-Bold.ttf"; path = "../src/Assets/fonts/Roboto-Bold.ttf"; sourceTree = "<group>"; };
		8E0BD53F9C88C49B914B4A41 /* Pods-boostkw.debug.xcconfig */ = {isa = PBXFileReference; includeInIndex = 1; lastKnownFileType = text.xcconfig; name = "Pods-boostkw.debug.xcconfig"; path = "Target Support Files/Pods-boostkw/Pods-boostkw.debug.xcconfig"; sourceTree = "<group>"; };
		A02152108B047D9B9C437CB5 /* Pods-boostkw-boostkwTests.debug.xcconfig */ = {isa = PBXFileReference; includeInIndex = 1; lastKnownFileType = text.xcconfig; name = "Pods-boostkw-boostkwTests.debug.xcconfig"; path = "Target Support Files/Pods-boostkw-boostkwTests/Pods-boostkw-boostkwTests.debug.xcconfig"; sourceTree = "<group>"; };
		A4E1CA96F1954B64A1F88961 /* Montserrat-Black.ttf */ = {isa = PBXFileReference; explicitFileType = undefined; fileEncoding = 9; includeInIndex = 0; lastKnownFileType = unknown; name = "Montserrat-Black.ttf"; path = "../src/Assets/fonts/Montserrat-Black.ttf"; sourceTree = "<group>"; };
		A72FE04C1CE141F496EA2D8C /* RobotoMono-Regular.ttf */ = {isa = PBXFileReference; explicitFileType = undefined; fileEncoding = 9; includeInIndex = 0; lastKnownFileType = unknown; name = "RobotoMono-Regular.ttf"; path = "../src/Assets/fonts/RobotoMono-Regular.ttf"; sourceTree = "<group>"; };
		B036F9F0D417445D95C5E01F /* Roboto-Regular.ttf */ = {isa = PBXFileReference; explicitFileType = undefined; fileEncoding = 9; includeInIndex = 0; lastKnownFileType = unknown; name = "Roboto-Regular.ttf"; path = "../src/Assets/fonts/Roboto-Regular.ttf"; sourceTree = "<group>"; };
		C2E5305ED3BD4554A5E1BE08 /* Orbitron-Regular.ttf */ = {isa = PBXFileReference; explicitFileType = undefined; fileEncoding = 9; includeInIndex = 0; lastKnownFileType = unknown; name = "Orbitron-Regular.ttf"; path = "../src/Assets/fonts/Orbitron-Regular.ttf"; sourceTree = "<group>"; };
		CA7AC1E5128735D038E0526D /* libPods-boostkw-boostkwTests.a */ = {isa = PBXFileReference; explicitFileType = archive.ar; includeInIndex = 0; path = "libPods-boostkw-boostkwTests.a"; sourceTree = BUILT_PRODUCTS_DIR; };
		CF3B1FE6CF23487681F17C25 /* Montserrat-SemiBold.ttf */ = {isa = PBXFileReference; explicitFileType = undefined; fileEncoding = 9; includeInIndex = 0; lastKnownFileType = unknown; name = "Montserrat-SemiBold.ttf"; path = "../src/Assets/fonts/Montserrat-SemiBold.ttf"; sourceTree = "<group>"; };
		EBACDF8CA0DA437FA46D426E /* Montserrat-BlackItalic.ttf */ = {isa = PBXFileReference; explicitFileType = undefined; fileEncoding = 9; includeInIndex = 0; lastKnownFileType = unknown; name = "Montserrat-BlackItalic.ttf"; path = "../src/Assets/fonts/Montserrat-BlackItalic.ttf"; sourceTree = "<group>"; };
		ED297162215061F000B7C4FE /* JavaScriptCore.framework */ = {isa = PBXFileReference; lastKnownFileType = wrapper.framework; name = JavaScriptCore.framework; path = System/Library/Frameworks/JavaScriptCore.framework; sourceTree = SDKROOT; };
		ED2971642150620600B7C4FE /* JavaScriptCore.framework */ = {isa = PBXFileReference; lastKnownFileType = wrapper.framework; name = JavaScriptCore.framework; path = Platforms/AppleTVOS.platform/Developer/SDKs/AppleTVOS12.0.sdk/System/Library/Frameworks/JavaScriptCore.framework; sourceTree = DEVELOPER_DIR; };
		FAB339F9C887A10200F15397 /* Pods-boostkw.release.xcconfig */ = {isa = PBXFileReference; includeInIndex = 1; lastKnownFileType = text.xcconfig; name = "Pods-boostkw.release.xcconfig"; path = "Target Support Files/Pods-boostkw/Pods-boostkw.release.xcconfig"; sourceTree = "<group>"; };
		FB48E89EE37E4E69A6AA7B5C /* Orbitron-Black.ttf */ = {isa = PBXFileReference; explicitFileType = undefined; fileEncoding = 9; includeInIndex = 0; lastKnownFileType = unknown; name = "Orbitron-Black.ttf"; path = "../src/Assets/fonts/Orbitron-Black.ttf"; sourceTree = "<group>"; };
		FF2668F2BFEC4549B8F6042D /* RobotoMono-Bold.ttf */ = {isa = PBXFileReference; explicitFileType = undefined; fileEncoding = 9; includeInIndex = 0; lastKnownFileType = unknown; name = "RobotoMono-Bold.ttf"; path = "../src/Assets/fonts/RobotoMono-Bold.ttf"; sourceTree = "<group>"; };
		FF519E4E5BC84AA9B0AB4953 /* Montserrat-Italic.ttf */ = {isa = PBXFileReference; explicitFileType = undefined; fileEncoding = 9; includeInIndex = 0; lastKnownFileType = unknown; name = "Montserrat-Italic.ttf"; path = "../src/Assets/fonts/Montserrat-Italic.ttf"; sourceTree = "<group>"; };
/* End PBXFileReference section */

/* Begin PBXFrameworksBuildPhase section */
		00E356EB1AD99517003FC87E /* Frameworks */ = {
			isa = PBXFrameworksBuildPhase;
			buildActionMask = 2147483647;
			files = (
				F77CD8E2356F6C4388C8AA26 /* libPods-boostkw-boostkwTests.a in Frameworks */,
			);
			runOnlyForDeploymentPostprocessing = 0;
		};
		13B07F8C1A680F5B00A75B9A /* Frameworks */ = {
			isa = PBXFrameworksBuildPhase;
			buildActionMask = 2147483647;
			files = (
				59CFA8ED7D5685DAA7801E25 /* libPods-boostkw.a in Frameworks */,
			);
			runOnlyForDeploymentPostprocessing = 0;
		};
		2D02E4781E0B4A5D006451C7 /* Frameworks */ = {
			isa = PBXFrameworksBuildPhase;
			buildActionMask = 2147483647;
			files = (
			);
			runOnlyForDeploymentPostprocessing = 0;
		};
		2D02E48D1E0B4A5D006451C7 /* Frameworks */ = {
			isa = PBXFrameworksBuildPhase;
			buildActionMask = 2147483647;
			files = (
			);
			runOnlyForDeploymentPostprocessing = 0;
		};
/* End PBXFrameworksBuildPhase section */

/* Begin PBXGroup section */
		00E356EF1AD99517003FC87E /* boostkwTests */ = {
			isa = PBXGroup;
			children = (
				00E356F21AD99517003FC87E /* boostkwTests.m */,
				00E356F01AD99517003FC87E /* Supporting Files */,
			);
			path = boostkwTests;
			sourceTree = "<group>";
		};
		00E356F01AD99517003FC87E /* Supporting Files */ = {
			isa = PBXGroup;
			children = (
				00E356F11AD99517003FC87E /* Info.plist */,
			);
			name = "Supporting Files";
			sourceTree = "<group>";
		};
		059610EF28BE8C67008F9489 /* Fonts */ = {
			isa = PBXGroup;
			children = (
				059610F328BE8D8F008F9489 /* FontAwesome.ttf */,
				059610F228BE8D8F008F9489 /* Foundation.ttf */,
				059610F428BE8D8F008F9489 /* Ionicons.ttf */,
				059610F028BE8D7C008F9489 /* MaterialIcons.ttf */,
			);
			name = Fonts;
			sourceTree = "<group>";
		};
		13B07FAE1A68108700A75B9A /* boostkw */ = {
			isa = PBXGroup;
			children = (
				059610EF28BE8C67008F9489 /* Fonts */,
				008F07F21AC5B25A0029DE68 /* main.jsbundle */,
				13B07FAF1A68108700A75B9A /* AppDelegate.h */,
				13B07FB01A68108700A75B9A /* AppDelegate.mm */,
				13B07FB51A68108700A75B9A /* Images.xcassets */,
				13B07FB61A68108700A75B9A /* Info.plist */,
				81AB9BB72411601600AC10FF /* LaunchScreen.storyboard */,
				13B07FB71A68108700A75B9A /* main.m */,
			);
			name = boostkw;
			sourceTree = "<group>";
		};
		18A06528071B6FFBBA9372E2 /* Pods */ = {
			isa = PBXGroup;
			children = (
				8E0BD53F9C88C49B914B4A41 /* Pods-boostkw.debug.xcconfig */,
				FAB339F9C887A10200F15397 /* Pods-boostkw.release.xcconfig */,
				A02152108B047D9B9C437CB5 /* Pods-boostkw-boostkwTests.debug.xcconfig */,
				388B77FC41A99625E43F5063 /* Pods-boostkw-boostkwTests.release.xcconfig */,
			);
			path = Pods;
			sourceTree = "<group>";
		};
		2D16E6871FA4F8E400B85C8A /* Frameworks */ = {
			isa = PBXGroup;
			children = (
				ED297162215061F000B7C4FE /* JavaScriptCore.framework */,
				ED2971642150620600B7C4FE /* JavaScriptCore.framework */,
				37A95CDF403CC34A027026C2 /* libPods-boostkw.a */,
				CA7AC1E5128735D038E0526D /* libPods-boostkw-boostkwTests.a */,
			);
			name = Frameworks;
			sourceTree = "<group>";
		};
		832341AE1AAA6A7D00B99B32 /* Libraries */ = {
			isa = PBXGroup;
			children = (
			);
			name = Libraries;
			sourceTree = "<group>";
		};
		83CBB9F61A601CBA00E9B192 = {
			isa = PBXGroup;
			children = (
				13B07FAE1A68108700A75B9A /* boostkw */,
				832341AE1AAA6A7D00B99B32 /* Libraries */,
				00E356EF1AD99517003FC87E /* boostkwTests */,
				83CBBA001A601CBA00E9B192 /* Products */,
				2D16E6871FA4F8E400B85C8A /* Frameworks */,
				18A06528071B6FFBBA9372E2 /* Pods */,
				DF1132B286B5489DA6C3DBE7 /* Resources */,
			);
			indentWidth = 2;
			sourceTree = "<group>";
			tabWidth = 2;
			usesTabs = 0;
		};
		83CBBA001A601CBA00E9B192 /* Products */ = {
			isa = PBXGroup;
			children = (
				13B07F961A680F5B00A75B9A /* boostkw.app */,
				00E356EE1AD99517003FC87E /* boostkwTests.xctest */,
				2D02E47B1E0B4A5D006451C7 /* boostkw-tvOS.app */,
				2D02E4901E0B4A5D006451C7 /* boostkw-tvOSTests.xctest */,
			);
			name = Products;
			sourceTree = "<group>";
		};
		DF1132B286B5489DA6C3DBE7 /* Resources */ = {
			isa = PBXGroup;
			children = (
				FB48E89EE37E4E69A6AA7B5C /* Orbitron-Black.ttf */,
				1B90FA908AA4487C8646AA2A /* Orbitron-Bold.ttf */,
				1C8EE6087DF049DF87E5691D /* Orbitron-Medium.ttf */,
				C2E5305ED3BD4554A5E1BE08 /* Orbitron-Regular.ttf */,
				82372FE5B71B4753B11FD8CA /* Roboto-Bold.ttf */,
				4D6B5C38B6774E15B07EC9EE /* Roboto-BoldItalic.ttf */,
				0DE1F136E7874EBF92100527 /* Roboto-Italic.ttf */,
				2C9CE818B55E4C02B82320D5 /* Roboto-Light.ttf */,
				5D0764C950CD4CB7B83C8213 /* Roboto-Medium.ttf */,
				B036F9F0D417445D95C5E01F /* Roboto-Regular.ttf */,
				FF2668F2BFEC4549B8F6042D /* RobotoMono-Bold.ttf */,
				7CD1C8454F8B496F805CD61C /* RobotoMono-BoldItalic.ttf */,
				795E561E5C90423B93DB1746 /* RobotoMono-Italic.ttf */,
				A72FE04C1CE141F496EA2D8C /* RobotoMono-Regular.ttf */,
				A4E1CA96F1954B64A1F88961 /* Montserrat-Black.ttf */,
				EBACDF8CA0DA437FA46D426E /* Montserrat-BlackItalic.ttf */,
				62A2E3737AF643FA8BCA6D9B /* Montserrat-Bold.ttf */,
				005408AD570C47F0B3A2E371 /* Montserrat-BoldItalic.ttf */,
				7A6000585DCE4C0CB437DCAD /* Montserrat-ExtraBold.ttf */,
				5EB99207633541D181DC0AC1 /* Montserrat-ExtraBoldItalic.ttf */,
				7F5802536728452FA9F1C5B5 /* Montserrat-ExtraLight.ttf */,
				33508A6281D846A7B3C1E93A /* Montserrat-ExtraLightItalic.ttf */,
				FF519E4E5BC84AA9B0AB4953 /* Montserrat-Italic.ttf */,
				7FAEE2C658204769BEF8592F /* Montserrat-Light.ttf */,
				30519B770AF74372A0F2478B /* Montserrat-LightItalic.ttf */,
				1139287E0CF648E983D18B2D /* Montserrat-Medium.ttf */,
				5BC978CE258F4417B082AE09 /* Montserrat-MediumItalic.ttf */,
				5440091E51B14F2591E4547D /* Montserrat-Regular.ttf */,
				CF3B1FE6CF23487681F17C25 /* Montserrat-SemiBold.ttf */,
				2CAFB46530654BADA8C4DB70 /* Montserrat-SemiBoldItalic.ttf */,
				4D0E86C9850244BD978AE61F /* Montserrat-Thin.ttf */,
				67E8685FA97B4528B1AC0276 /* Montserrat-ThinItalic.ttf */,
			);
			name = Resources;
			sourceTree = "<group>";
		};
/* End PBXGroup section */

/* Begin PBXNativeTarget section */
		00E356ED1AD99517003FC87E /* boostkwTests */ = {
			isa = PBXNativeTarget;
			buildConfigurationList = 00E357021AD99517003FC87E /* Build configuration list for PBXNativeTarget "boostkwTests" */;
			buildPhases = (
				FCC35C1D9FAFEF349C76900A /* [CP] Check Pods Manifest.lock */,
				00E356EA1AD99517003FC87E /* Sources */,
				00E356EB1AD99517003FC87E /* Frameworks */,
				00E356EC1AD99517003FC87E /* Resources */,
				B36D4258F42DE76613128522 /* [CP] Embed Pods Frameworks */,
				70A181AEBC832B3F84E6DC66 /* [CP] Copy Pods Resources */,
			);
			buildRules = (
			);
			dependencies = (
				00E356F51AD99517003FC87E /* PBXTargetDependency */,
			);
			name = boostkwTests;
			productName = boostkwTests;
			productReference = 00E356EE1AD99517003FC87E /* boostkwTests.xctest */;
			productType = "com.apple.product-type.bundle.unit-test";
		};
		13B07F861A680F5B00A75B9A /* boostkw */ = {
			isa = PBXNativeTarget;
			buildConfigurationList = 13B07F931A680F5B00A75B9A /* Build configuration list for PBXNativeTarget "boostkw" */;
			buildPhases = (
				4083CB6960D419EAA0C18A87 /* [CP] Check Pods Manifest.lock */,
				FD10A7F022414F080027D42C /* Start Packager */,
				13B07F871A680F5B00A75B9A /* Sources */,
				13B07F8C1A680F5B00A75B9A /* Frameworks */,
				13B07F8E1A680F5B00A75B9A /* Resources */,
				00DD1BFF1BD5951E006B06BC /* Bundle React Native code and images */,
				FB512457A49CCCE039E15A3D /* [CP] Embed Pods Frameworks */,
				0077E823D5B7FA50BCAECB6E /* [CP] Copy Pods Resources */,
			);
			buildRules = (
			);
			dependencies = (
			);
			name = boostkw;
			productName = boostkw;
			productReference = 13B07F961A680F5B00A75B9A /* boostkw.app */;
			productType = "com.apple.product-type.application";
		};
		2D02E47A1E0B4A5D006451C7 /* boostkw-tvOS */ = {
			isa = PBXNativeTarget;
			buildConfigurationList = 2D02E4BA1E0B4A5E006451C7 /* Build configuration list for PBXNativeTarget "boostkw-tvOS" */;
			buildPhases = (
				FD10A7F122414F3F0027D42C /* Start Packager */,
				2D02E4771E0B4A5D006451C7 /* Sources */,
				2D02E4781E0B4A5D006451C7 /* Frameworks */,
				2D02E4791E0B4A5D006451C7 /* Resources */,
				2D02E4CB1E0B4B27006451C7 /* Bundle React Native Code And Images */,
			);
			buildRules = (
			);
			dependencies = (
			);
			name = "boostkw-tvOS";
			productName = "boostkw-tvOS";
			productReference = 2D02E47B1E0B4A5D006451C7 /* boostkw-tvOS.app */;
			productType = "com.apple.product-type.application";
		};
		2D02E48F1E0B4A5D006451C7 /* boostkw-tvOSTests */ = {
			isa = PBXNativeTarget;
			buildConfigurationList = 2D02E4BB1E0B4A5E006451C7 /* Build configuration list for PBXNativeTarget "boostkw-tvOSTests" */;
			buildPhases = (
				2D02E48C1E0B4A5D006451C7 /* Sources */,
				2D02E48D1E0B4A5D006451C7 /* Frameworks */,
				2D02E48E1E0B4A5D006451C7 /* Resources */,
			);
			buildRules = (
			);
			dependencies = (
				2D02E4921E0B4A5D006451C7 /* PBXTargetDependency */,
			);
			name = "boostkw-tvOSTests";
			productName = "boostkw-tvOSTests";
			productReference = 2D02E4901E0B4A5D006451C7 /* boostkw-tvOSTests.xctest */;
			productType = "com.apple.product-type.bundle.unit-test";
		};
/* End PBXNativeTarget section */

/* Begin PBXProject section */
		83CBB9F71A601CBA00E9B192 /* Project object */ = {
			isa = PBXProject;
			attributes = {
				LastUpgradeCheck = 1130;
				TargetAttributes = {
					00E356ED1AD99517003FC87E = {
						CreatedOnToolsVersion = 6.2;
						TestTargetID = 13B07F861A680F5B00A75B9A;
					};
					13B07F861A680F5B00A75B9A = {
						DevelopmentTeam = 6YKR59QXKM;
						LastSwiftMigration = 1120;
					};
					2D02E47A1E0B4A5D006451C7 = {
						CreatedOnToolsVersion = 8.2.1;
						ProvisioningStyle = Automatic;
					};
					2D02E48F1E0B4A5D006451C7 = {
						CreatedOnToolsVersion = 8.2.1;
						ProvisioningStyle = Automatic;
						TestTargetID = 2D02E47A1E0B4A5D006451C7;
					};
				};
			};
			buildConfigurationList = 83CBB9FA1A601CBA00E9B192 /* Build configuration list for PBXProject "boostkw" */;
			compatibilityVersion = "Xcode 3.2";
			developmentRegion = en;
			hasScannedForEncodings = 0;
			knownRegions = (
				en,
				Base,
			);
			mainGroup = 83CBB9F61A601CBA00E9B192;
			productRefGroup = 83CBBA001A601CBA00E9B192 /* Products */;
			projectDirPath = "";
			projectRoot = "";
			targets = (
				13B07F861A680F5B00A75B9A /* boostkw */,
				00E356ED1AD99517003FC87E /* boostkwTests */,
				2D02E47A1E0B4A5D006451C7 /* boostkw-tvOS */,
				2D02E48F1E0B4A5D006451C7 /* boostkw-tvOSTests */,
			);
		};
/* End PBXProject section */

/* Begin PBXResourcesBuildPhase section */
		00E356EC1AD99517003FC87E /* Resources */ = {
			isa = PBXResourcesBuildPhase;
			buildActionMask = 2147483647;
			files = (
			);
			runOnlyForDeploymentPostprocessing = 0;
		};
		13B07F8E1A680F5B00A75B9A /* Resources */ = {
			isa = PBXResourcesBuildPhase;
			buildActionMask = 2147483647;
			files = (
				81AB9BB82411601600AC10FF /* LaunchScreen.storyboard in Resources */,
				13B07FBF1A68108700A75B9A /* Images.xcassets in Resources */,
				059610F728BE8D8F008F9489 /* Ionicons.ttf in Resources */,
				059610F528BE8D8F008F9489 /* Foundation.ttf in Resources */,
				C5EA68ADC6424808A2A0C366 /* Orbitron-Black.ttf in Resources */,
				14D23C35C99344AF830B5F3A /* Orbitron-Bold.ttf in Resources */,
				D6D865255C29467CABEE691C /* Orbitron-Medium.ttf in Resources */,
				0E8573E63F2045C4876DD2F3 /* Orbitron-Regular.ttf in Resources */,
				6EBC1461D0854E0B94A10CC3 /* Roboto-Bold.ttf in Resources */,
				CE0C16F7849945E690AE8D64 /* Roboto-BoldItalic.ttf in Resources */,
				43795148C8F74A6AAA4E6053 /* Roboto-Italic.ttf in Resources */,
				2A729D66CACC4CC3BE46C7D0 /* Roboto-Light.ttf in Resources */,
				783689C159FC4AA8BD32E963 /* Roboto-Medium.ttf in Resources */,
				1689388534BE4FD69CD95A4C /* Roboto-Regular.ttf in Resources */,
				89825FF7E99C415789189F2E /* RobotoMono-Bold.ttf in Resources */,
				059610F628BE8D8F008F9489 /* FontAwesome.ttf in Resources */,
				0B9DE62C79EE48BBB17F2FDF /* RobotoMono-BoldItalic.ttf in Resources */,
				AB42A6AAA3664B5A9342AB1C /* RobotoMono-Italic.ttf in Resources */,
				F20ABAF8D38D4758A8D17178 /* RobotoMono-Regular.ttf in Resources */,
				059610F128BE8D7D008F9489 /* MaterialIcons.ttf in Resources */,
				A04CFCA4ED78434780E5D908 /* Montserrat-Black.ttf in Resources */,
				789D5AE2654F4DCCAA821D12 /* Montserrat-BlackItalic.ttf in Resources */,
				E18BA989796F4035B2B341BB /* Montserrat-Bold.ttf in Resources */,
				C1A4B1032CEC4BCD8A29015F /* Montserrat-BoldItalic.ttf in Resources */,
				BDC2C71AF807489783C1FCE8 /* Montserrat-ExtraBold.ttf in Resources */,
				607D8B290051427192EED52B /* Montserrat-ExtraBoldItalic.ttf in Resources */,
				7ACD74E010D34916B8FFB3BF /* Montserrat-ExtraLight.ttf in Resources */,
				2BE31B0797B94A9A90DC8FF0 /* Montserrat-ExtraLightItalic.ttf in Resources */,
				15E4BB4036A34FADB0DC3CB3 /* Montserrat-Italic.ttf in Resources */,
				EDF44FB0AEAA41FCAB4143D9 /* Montserrat-Light.ttf in Resources */,
				249EDA7FC94A42B8A21D435D /* Montserrat-LightItalic.ttf in Resources */,
				AA60F4991C74435CB91212B6 /* Montserrat-Medium.ttf in Resources */,
				98AFBC8B3ADB472FA05D22AE /* Montserrat-MediumItalic.ttf in Resources */,
				6A54B5486CC24822B7C40CF3 /* Montserrat-Regular.ttf in Resources */,
				34C4E8B82BE44628961949E3 /* Montserrat-SemiBold.ttf in Resources */,
				C771A131C5BB493CBA20060A /* Montserrat-SemiBoldItalic.ttf in Resources */,
				713DACE794A248E1AE68ECD7 /* Montserrat-Thin.ttf in Resources */,
				9A8241224C3E44E08688B247 /* Montserrat-ThinItalic.ttf in Resources */,
			);
			runOnlyForDeploymentPostprocessing = 0;
		};
		2D02E4791E0B4A5D006451C7 /* Resources */ = {
			isa = PBXResourcesBuildPhase;
			buildActionMask = 2147483647;
			files = (
				2D02E4BD1E0B4A84006451C7 /* Images.xcassets in Resources */,
			);
			runOnlyForDeploymentPostprocessing = 0;
		};
		2D02E48E1E0B4A5D006451C7 /* Resources */ = {
			isa = PBXResourcesBuildPhase;
			buildActionMask = 2147483647;
			files = (
			);
			runOnlyForDeploymentPostprocessing = 0;
		};
/* End PBXResourcesBuildPhase section */

/* Begin PBXShellScriptBuildPhase section */
		0077E823D5B7FA50BCAECB6E /* [CP] Copy Pods Resources */ = {
			isa = PBXShellScriptBuildPhase;
			buildActionMask = 2147483647;
			files = (
			);
			inputPaths = (
				"${PODS_ROOT}/Target Support Files/Pods-boostkw/Pods-boostkw-resources.sh",
				"${PODS_CONFIGURATION_BUILD_DIR}/RNImageCropPicker/QBImagePicker.bundle",
				"${PODS_CONFIGURATION_BUILD_DIR}/React-Core/AccessibilityResources.bundle",
				"${PODS_CONFIGURATION_BUILD_DIR}/TOCropViewController/TOCropViewControllerBundle.bundle",
			);
			name = "[CP] Copy Pods Resources";
			outputPaths = (
				"${TARGET_BUILD_DIR}/${UNLOCALIZED_RESOURCES_FOLDER_PATH}/QBImagePicker.bundle",
				"${TARGET_BUILD_DIR}/${UNLOCALIZED_RESOURCES_FOLDER_PATH}/AccessibilityResources.bundle",
				"${TARGET_BUILD_DIR}/${UNLOCALIZED_RESOURCES_FOLDER_PATH}/TOCropViewControllerBundle.bundle",
			);
			runOnlyForDeploymentPostprocessing = 0;
			shellPath = /bin/sh;
			shellScript = "\"${PODS_ROOT}/Target Support Files/Pods-boostkw/Pods-boostkw-resources.sh\"\n";
			showEnvVarsInLog = 0;
		};
		00DD1BFF1BD5951E006B06BC /* Bundle React Native code and images */ = {
			isa = PBXShellScriptBuildPhase;
			buildActionMask = 2147483647;
			files = (
			);
			inputPaths = (
			);
			name = "Bundle React Native code and images";
			outputPaths = (
			);
			runOnlyForDeploymentPostprocessing = 0;
			shellPath = /bin/sh;
			shellScript = "export NODE_BINARY=node\n../node_modules/react-native/scripts/react-native-xcode.sh";
		};
		2D02E4CB1E0B4B27006451C7 /* Bundle React Native Code And Images */ = {
			isa = PBXShellScriptBuildPhase;
			buildActionMask = 2147483647;
			files = (
			);
			inputPaths = (
			);
			name = "Bundle React Native Code And Images";
			outputPaths = (
			);
			runOnlyForDeploymentPostprocessing = 0;
			shellPath = /bin/sh;
			shellScript = "export NODE_BINARY=node\n../node_modules/react-native/scripts/react-native-xcode.sh";
		};
		4083CB6960D419EAA0C18A87 /* [CP] Check Pods Manifest.lock */ = {
			isa = PBXShellScriptBuildPhase;
			buildActionMask = 2147483647;
			files = (
			);
			inputFileListPaths = (
			);
			inputPaths = (
				"${PODS_PODFILE_DIR_PATH}/Podfile.lock",
				"${PODS_ROOT}/Manifest.lock",
			);
			name = "[CP] Check Pods Manifest.lock";
			outputFileListPaths = (
			);
			outputPaths = (
				"$(DERIVED_FILE_DIR)/Pods-boostkw-checkManifestLockResult.txt",
			);
			runOnlyForDeploymentPostprocessing = 0;
			shellPath = /bin/sh;
			shellScript = "diff \"${PODS_PODFILE_DIR_PATH}/Podfile.lock\" \"${PODS_ROOT}/Manifest.lock\" > /dev/null\nif [ $? != 0 ] ; then\n    # print error to STDERR\n    echo \"error: The sandbox is not in sync with the Podfile.lock. Run 'pod install' or update your CocoaPods installation.\" >&2\n    exit 1\nfi\n# This output is used by Xcode 'outputs' to avoid re-running this script phase.\necho \"SUCCESS\" > \"${SCRIPT_OUTPUT_FILE_0}\"\n";
			showEnvVarsInLog = 0;
		};
		70A181AEBC832B3F84E6DC66 /* [CP] Copy Pods Resources */ = {
			isa = PBXShellScriptBuildPhase;
			buildActionMask = 2147483647;
			files = (
			);
			inputPaths = (
				"${PODS_ROOT}/Target Support Files/Pods-boostkw-boostkwTests/Pods-boostkw-boostkwTests-resources.sh",
				"${PODS_CONFIGURATION_BUILD_DIR}/RNImageCropPicker/QBImagePicker.bundle",
				"${PODS_CONFIGURATION_BUILD_DIR}/React-Core/AccessibilityResources.bundle",
				"${PODS_CONFIGURATION_BUILD_DIR}/TOCropViewController/TOCropViewControllerBundle.bundle",
			);
			name = "[CP] Copy Pods Resources";
			outputPaths = (
				"${TARGET_BUILD_DIR}/${UNLOCALIZED_RESOURCES_FOLDER_PATH}/QBImagePicker.bundle",
				"${TARGET_BUILD_DIR}/${UNLOCALIZED_RESOURCES_FOLDER_PATH}/AccessibilityResources.bundle",
				"${TARGET_BUILD_DIR}/${UNLOCALIZED_RESOURCES_FOLDER_PATH}/TOCropViewControllerBundle.bundle",
			);
			runOnlyForDeploymentPostprocessing = 0;
			shellPath = /bin/sh;
			shellScript = "\"${PODS_ROOT}/Target Support Files/Pods-boostkw-boostkwTests/Pods-boostkw-boostkwTests-resources.sh\"\n";
			showEnvVarsInLog = 0;
		};
		B36D4258F42DE76613128522 /* [CP] Embed Pods Frameworks */ = {
			isa = PBXShellScriptBuildPhase;
			buildActionMask = 2147483647;
			files = (
			);
			inputPaths = (
				"${PODS_ROOT}/Target Support Files/Pods-boostkw-boostkwTests/Pods-boostkw-boostkwTests-frameworks.sh",
				"${PODS_XCFRAMEWORKS_BUILD_DIR}/Flipper-DoubleConversion/double-conversion.framework/double-conversion",
				"${PODS_XCFRAMEWORKS_BUILD_DIR}/Flipper-Glog/glog.framework/glog",
				"${PODS_XCFRAMEWORKS_BUILD_DIR}/OpenSSL-Universal/OpenSSL.framework/OpenSSL",
			);
			name = "[CP] Embed Pods Frameworks";
			outputPaths = (
				"${TARGET_BUILD_DIR}/${FRAMEWORKS_FOLDER_PATH}/double-conversion.framework",
				"${TARGET_BUILD_DIR}/${FRAMEWORKS_FOLDER_PATH}/glog.framework",
				"${TARGET_BUILD_DIR}/${FRAMEWORKS_FOLDER_PATH}/OpenSSL.framework",
			);
			runOnlyForDeploymentPostprocessing = 0;
			shellPath = /bin/sh;
			shellScript = "\"${PODS_ROOT}/Target Support Files/Pods-boostkw-boostkwTests/Pods-boostkw-boostkwTests-frameworks.sh\"\n";
			showEnvVarsInLog = 0;
		};
		FB512457A49CCCE039E15A3D /* [CP] Embed Pods Frameworks */ = {
			isa = PBXShellScriptBuildPhase;
			buildActionMask = 2147483647;
			files = (
			);
			inputPaths = (
				"${PODS_ROOT}/Target Support Files/Pods-boostkw/Pods-boostkw-frameworks.sh",
				"${PODS_XCFRAMEWORKS_BUILD_DIR}/Flipper-DoubleConversion/double-conversion.framework/double-conversion",
				"${PODS_XCFRAMEWORKS_BUILD_DIR}/Flipper-Glog/glog.framework/glog",
				"${PODS_XCFRAMEWORKS_BUILD_DIR}/OpenSSL-Universal/OpenSSL.framework/OpenSSL",
			);
			name = "[CP] Embed Pods Frameworks";
			outputPaths = (
				"${TARGET_BUILD_DIR}/${FRAMEWORKS_FOLDER_PATH}/double-conversion.framework",
				"${TARGET_BUILD_DIR}/${FRAMEWORKS_FOLDER_PATH}/glog.framework",
				"${TARGET_BUILD_DIR}/${FRAMEWORKS_FOLDER_PATH}/OpenSSL.framework",
			);
			runOnlyForDeploymentPostprocessing = 0;
			shellPath = /bin/sh;
			shellScript = "\"${PODS_ROOT}/Target Support Files/Pods-boostkw/Pods-boostkw-frameworks.sh\"\n";
			showEnvVarsInLog = 0;
		};
		FCC35C1D9FAFEF349C76900A /* [CP] Check Pods Manifest.lock */ = {
			isa = PBXShellScriptBuildPhase;
			buildActionMask = 2147483647;
			files = (
			);
			inputFileListPaths = (
			);
			inputPaths = (
				"${PODS_PODFILE_DIR_PATH}/Podfile.lock",
				"${PODS_ROOT}/Manifest.lock",
			);
			name = "[CP] Check Pods Manifest.lock";
			outputFileListPaths = (
			);
			outputPaths = (
				"$(DERIVED_FILE_DIR)/Pods-boostkw-boostkwTests-checkManifestLockResult.txt",
			);
			runOnlyForDeploymentPostprocessing = 0;
			shellPath = /bin/sh;
			shellScript = "diff \"${PODS_PODFILE_DIR_PATH}/Podfile.lock\" \"${PODS_ROOT}/Manifest.lock\" > /dev/null\nif [ $? != 0 ] ; then\n    # print error to STDERR\n    echo \"error: The sandbox is not in sync with the Podfile.lock. Run 'pod install' or update your CocoaPods installation.\" >&2\n    exit 1\nfi\n# This output is used by Xcode 'outputs' to avoid re-running this script phase.\necho \"SUCCESS\" > \"${SCRIPT_OUTPUT_FILE_0}\"\n";
			showEnvVarsInLog = 0;
		};
		FD10A7F022414F080027D42C /* Start Packager */ = {
			isa = PBXShellScriptBuildPhase;
			buildActionMask = 2147483647;
			files = (
			);
			inputFileListPaths = (
			);
			inputPaths = (
			);
			name = "Start Packager";
			outputFileListPaths = (
			);
			outputPaths = (
			);
			runOnlyForDeploymentPostprocessing = 0;
			shellPath = /bin/sh;
			shellScript = "export RCT_METRO_PORT=\"${RCT_METRO_PORT:=8081}\"\necho \"export RCT_METRO_PORT=${RCT_METRO_PORT}\" > \"${SRCROOT}/../node_modules/react-native/scripts/.packager.env\"\nif [ -z \"${RCT_NO_LAUNCH_PACKAGER+xxx}\" ] ; then\n  if nc -w 5 -z localhost ${RCT_METRO_PORT} ; then\n    if ! curl -s \"http://localhost:${RCT_METRO_PORT}/status\" | grep -q \"packager-status:running\" ; then\n      echo \"Port ${RCT_METRO_PORT} already in use, packager is either not running or not running correctly\"\n      exit 2\n    fi\n  else\n    open \"$SRCROOT/../node_modules/react-native/scripts/launchPackager.command\" || echo \"Can't start packager automatically\"\n  fi\nfi\n";
			showEnvVarsInLog = 0;
		};
		FD10A7F122414F3F0027D42C /* Start Packager */ = {
			isa = PBXShellScriptBuildPhase;
			buildActionMask = 2147483647;
			files = (
			);
			inputFileListPaths = (
			);
			inputPaths = (
			);
			name = "Start Packager";
			outputFileListPaths = (
			);
			outputPaths = (
			);
			runOnlyForDeploymentPostprocessing = 0;
			shellPath = /bin/sh;
			shellScript = "export RCT_METRO_PORT=\"${RCT_METRO_PORT:=8081}\"\necho \"export RCT_METRO_PORT=${RCT_METRO_PORT}\" > \"${SRCROOT}/../node_modules/react-native/scripts/.packager.env\"\nif [ -z \"${RCT_NO_LAUNCH_PACKAGER+xxx}\" ] ; then\n  if nc -w 5 -z localhost ${RCT_METRO_PORT} ; then\n    if ! curl -s \"http://localhost:${RCT_METRO_PORT}/status\" | grep -q \"packager-status:running\" ; then\n      echo \"Port ${RCT_METRO_PORT} already in use, packager is either not running or not running correctly\"\n      exit 2\n    fi\n  else\n    open \"$SRCROOT/../node_modules/react-native/scripts/launchPackager.command\" || echo \"Can't start packager automatically\"\n  fi\nfi\n";
			showEnvVarsInLog = 0;
		};
/* End PBXShellScriptBuildPhase section */

/* Begin PBXSourcesBuildPhase section */
		00E356EA1AD99517003FC87E /* Sources */ = {
			isa = PBXSourcesBuildPhase;
			buildActionMask = 2147483647;
			files = (
				00E356F31AD99517003FC87E /* boostkwTests.m in Sources */,
			);
			runOnlyForDeploymentPostprocessing = 0;
		};
		13B07F871A680F5B00A75B9A /* Sources */ = {
			isa = PBXSourcesBuildPhase;
			buildActionMask = 2147483647;
			files = (
				13B07FBC1A68108700A75B9A /* AppDelegate.mm in Sources */,
				13B07FC11A68108700A75B9A /* main.m in Sources */,
			);
			runOnlyForDeploymentPostprocessing = 0;
		};
		2D02E4771E0B4A5D006451C7 /* Sources */ = {
			isa = PBXSourcesBuildPhase;
			buildActionMask = 2147483647;
			files = (
				2D02E4BF1E0B4AB3006451C7 /* main.m in Sources */,
				2D02E4BC1E0B4A80006451C7 /* AppDelegate.mm in Sources */,
			);
			runOnlyForDeploymentPostprocessing = 0;
		};
		2D02E48C1E0B4A5D006451C7 /* Sources */ = {
			isa = PBXSourcesBuildPhase;
			buildActionMask = 2147483647;
			files = (
				2DCD954D1E0B4F2C00145EB5 /* boostkwTests.m in Sources */,
			);
			runOnlyForDeploymentPostprocessing = 0;
		};
/* End PBXSourcesBuildPhase section */

/* Begin PBXTargetDependency section */
		00E356F51AD99517003FC87E /* PBXTargetDependency */ = {
			isa = PBXTargetDependency;
			target = 13B07F861A680F5B00A75B9A /* boostkw */;
			targetProxy = 00E356F41AD99517003FC87E /* PBXContainerItemProxy */;
		};
		2D02E4921E0B4A5D006451C7 /* PBXTargetDependency */ = {
			isa = PBXTargetDependency;
			target = 2D02E47A1E0B4A5D006451C7 /* boostkw-tvOS */;
			targetProxy = 2D02E4911E0B4A5D006451C7 /* PBXContainerItemProxy */;
		};
/* End PBXTargetDependency section */

/* Begin XCBuildConfiguration section */
		00E356F61AD99517003FC87E /* Debug */ = {
			isa = XCBuildConfiguration;
			baseConfigurationReference = A02152108B047D9B9C437CB5 /* Pods-boostkw-boostkwTests.debug.xcconfig */;
			buildSettings = {
				BUNDLE_LOADER = "$(TEST_HOST)";
				GCC_PREPROCESSOR_DEFINITIONS = (
					"DEBUG=1",
					"$(inherited)",
				);
				INFOPLIST_FILE = boostkwTests/Info.plist;
				IPHONEOS_DEPLOYMENT_TARGET = 10.0;
				LD_RUNPATH_SEARCH_PATHS = "$(inherited) @executable_path/Frameworks @loader_path/Frameworks";
				OTHER_LDFLAGS = (
					"-ObjC",
					"-lc++",
					"$(inherited)",
				);
				PRODUCT_BUNDLE_IDENTIFIER = "org.reactjs.native.example.$(PRODUCT_NAME:rfc1034identifier)";
				PRODUCT_NAME = "$(TARGET_NAME)";
				TEST_HOST = "$(BUILT_PRODUCTS_DIR)/boostkw.app/boostkw";
			};
			name = Debug;
		};
		00E356F71AD99517003FC87E /* Release */ = {
			isa = XCBuildConfiguration;
			baseConfigurationReference = 388B77FC41A99625E43F5063 /* Pods-boostkw-boostkwTests.release.xcconfig */;
			buildSettings = {
				BUNDLE_LOADER = "$(TEST_HOST)";
				COPY_PHASE_STRIP = NO;
				INFOPLIST_FILE = boostkwTests/Info.plist;
				IPHONEOS_DEPLOYMENT_TARGET = 10.0;
				LD_RUNPATH_SEARCH_PATHS = "$(inherited) @executable_path/Frameworks @loader_path/Frameworks";
				OTHER_LDFLAGS = (
					"-ObjC",
					"-lc++",
					"$(inherited)",
				);
				PRODUCT_BUNDLE_IDENTIFIER = "org.reactjs.native.example.$(PRODUCT_NAME:rfc1034identifier)";
				PRODUCT_NAME = "$(TARGET_NAME)";
				TEST_HOST = "$(BUILT_PRODUCTS_DIR)/boostkw.app/boostkw";
			};
			name = Release;
		};
		13B07F941A680F5B00A75B9A /* Debug */ = {
			isa = XCBuildConfiguration;
			baseConfigurationReference = 8E0BD53F9C88C49B914B4A41 /* Pods-boostkw.debug.xcconfig */;
			buildSettings = {
				ASSETCATALOG_COMPILER_APPICON_NAME = AppIcon;
				CLANG_ENABLE_MODULES = YES;
				CURRENT_PROJECT_VERSION = 25;
				DEVELOPMENT_TEAM = 6YKR59QXKM;
				ENABLE_BITCODE = NO;
				INFOPLIST_FILE = boostkw/Info.plist;
				LD_RUNPATH_SEARCH_PATHS = "$(inherited) @executable_path/Frameworks";
				MARKETING_VERSION = 1;
				OTHER_LDFLAGS = (
					"$(inherited)",
					"-ObjC",
					"-lc++",
				);
				PRODUCT_BUNDLE_IDENTIFIER = com.crowdbotics.boostkw;
				PRODUCT_NAME = boostkw;
				SWIFT_OPTIMIZATION_LEVEL = "-Onone";
				SWIFT_VERSION = 5.0;
				VERSIONING_SYSTEM = "apple-generic";
			};
			name = Debug;
		};
		13B07F951A680F5B00A75B9A /* Release */ = {
			isa = XCBuildConfiguration;
			baseConfigurationReference = FAB339F9C887A10200F15397 /* Pods-boostkw.release.xcconfig */;
			buildSettings = {
				ASSETCATALOG_COMPILER_APPICON_NAME = AppIcon;
				CLANG_ENABLE_MODULES = YES;
				CURRENT_PROJECT_VERSION = 25;
				DEVELOPMENT_TEAM = 6YKR59QXKM;
				INFOPLIST_FILE = boostkw/Info.plist;
				LD_RUNPATH_SEARCH_PATHS = "$(inherited) @executable_path/Frameworks";
				MARKETING_VERSION = 1;
				OTHER_LDFLAGS = (
					"$(inherited)",
					"-ObjC",
					"-lc++",
				);
				PRODUCT_BUNDLE_IDENTIFIER = com.crowdbotics.boostkw;
				PRODUCT_NAME = boostkw;
				SWIFT_VERSION = 5.0;
				VERSIONING_SYSTEM = "apple-generic";
			};
			name = Release;
		};
		2D02E4971E0B4A5E006451C7 /* Debug */ = {
			isa = XCBuildConfiguration;
			buildSettings = {
				ASSETCATALOG_COMPILER_APPICON_NAME = "App Icon & Top Shelf Image";
				ASSETCATALOG_COMPILER_LAUNCHIMAGE_NAME = LaunchImage;
				CLANG_ANALYZER_NONNULL = YES;
				CLANG_WARN_DOCUMENTATION_COMMENTS = YES;
				CLANG_WARN_INFINITE_RECURSION = YES;
				CLANG_WARN_SUSPICIOUS_MOVE = YES;
				DEBUG_INFORMATION_FORMAT = dwarf;
				ENABLE_TESTABILITY = YES;
				GCC_NO_COMMON_BLOCKS = YES;
				INFOPLIST_FILE = "boostkw-tvOS/Info.plist";
				LD_RUNPATH_SEARCH_PATHS = "$(inherited) @executable_path/Frameworks";
				OTHER_LDFLAGS = (
					"$(inherited)",
					"-ObjC",
					"-lc++",
				);
				PRODUCT_BUNDLE_IDENTIFIER = "org.reactjs.native.example.boostkw-tvOS";
				PRODUCT_NAME = "$(TARGET_NAME)";
				SDKROOT = appletvos;
				TARGETED_DEVICE_FAMILY = 3;
				TVOS_DEPLOYMENT_TARGET = 10.0;
			};
			name = Debug;
		};
		2D02E4981E0B4A5E006451C7 /* Release */ = {
			isa = XCBuildConfiguration;
			buildSettings = {
				ASSETCATALOG_COMPILER_APPICON_NAME = "App Icon & Top Shelf Image";
				ASSETCATALOG_COMPILER_LAUNCHIMAGE_NAME = LaunchImage;
				CLANG_ANALYZER_NONNULL = YES;
				CLANG_WARN_DOCUMENTATION_COMMENTS = YES;
				CLANG_WARN_INFINITE_RECURSION = YES;
				CLANG_WARN_SUSPICIOUS_MOVE = YES;
				COPY_PHASE_STRIP = NO;
				DEBUG_INFORMATION_FORMAT = "dwarf-with-dsym";
				GCC_NO_COMMON_BLOCKS = YES;
				INFOPLIST_FILE = "boostkw-tvOS/Info.plist";
				LD_RUNPATH_SEARCH_PATHS = "$(inherited) @executable_path/Frameworks";
				OTHER_LDFLAGS = (
					"$(inherited)",
					"-ObjC",
					"-lc++",
				);
				PRODUCT_BUNDLE_IDENTIFIER = "org.reactjs.native.example.boostkw-tvOS";
				PRODUCT_NAME = "$(TARGET_NAME)";
				SDKROOT = appletvos;
				TARGETED_DEVICE_FAMILY = 3;
				TVOS_DEPLOYMENT_TARGET = 10.0;
			};
			name = Release;
		};
		2D02E4991E0B4A5E006451C7 /* Debug */ = {
			isa = XCBuildConfiguration;
			buildSettings = {
				BUNDLE_LOADER = "$(TEST_HOST)";
				CLANG_ANALYZER_NONNULL = YES;
				CLANG_WARN_DOCUMENTATION_COMMENTS = YES;
				CLANG_WARN_INFINITE_RECURSION = YES;
				CLANG_WARN_SUSPICIOUS_MOVE = YES;
				DEBUG_INFORMATION_FORMAT = dwarf;
				ENABLE_TESTABILITY = YES;
				GCC_NO_COMMON_BLOCKS = YES;
				INFOPLIST_FILE = "boostkw-tvOSTests/Info.plist";
				LD_RUNPATH_SEARCH_PATHS = "$(inherited) @executable_path/Frameworks @loader_path/Frameworks";
				OTHER_LDFLAGS = (
					"$(inherited)",
					"-ObjC",
					"-lc++",
				);
				PRODUCT_BUNDLE_IDENTIFIER = "org.reactjs.native.example.boostkw-tvOSTests";
				PRODUCT_NAME = "$(TARGET_NAME)";
				SDKROOT = appletvos;
				TEST_HOST = "$(BUILT_PRODUCTS_DIR)/boostkw-tvOS.app/boostkw-tvOS";
				TVOS_DEPLOYMENT_TARGET = 10.1;
			};
			name = Debug;
		};
		2D02E49A1E0B4A5E006451C7 /* Release */ = {
			isa = XCBuildConfiguration;
			buildSettings = {
				BUNDLE_LOADER = "$(TEST_HOST)";
				CLANG_ANALYZER_NONNULL = YES;
				CLANG_WARN_DOCUMENTATION_COMMENTS = YES;
				CLANG_WARN_INFINITE_RECURSION = YES;
				CLANG_WARN_SUSPICIOUS_MOVE = YES;
				COPY_PHASE_STRIP = NO;
				DEBUG_INFORMATION_FORMAT = "dwarf-with-dsym";
				GCC_NO_COMMON_BLOCKS = YES;
				INFOPLIST_FILE = "boostkw-tvOSTests/Info.plist";
				LD_RUNPATH_SEARCH_PATHS = "$(inherited) @executable_path/Frameworks @loader_path/Frameworks";
				OTHER_LDFLAGS = (
					"$(inherited)",
					"-ObjC",
					"-lc++",
				);
				PRODUCT_BUNDLE_IDENTIFIER = "org.reactjs.native.example.boostkw-tvOSTests";
				PRODUCT_NAME = "$(TARGET_NAME)";
				SDKROOT = appletvos;
				TEST_HOST = "$(BUILT_PRODUCTS_DIR)/boostkw-tvOS.app/boostkw-tvOS";
				TVOS_DEPLOYMENT_TARGET = 10.1;
			};
			name = Release;
		};
		83CBBA201A601CBA00E9B192 /* Debug */ = {
			isa = XCBuildConfiguration;
			buildSettings = {
				ALWAYS_SEARCH_USER_PATHS = NO;
				CLANG_ANALYZER_LOCALIZABILITY_NONLOCALIZED = YES;
				CLANG_CXX_LANGUAGE_STANDARD = "gnu++0x";
				CLANG_CXX_LIBRARY = "libc++";
				CLANG_ENABLE_MODULES = YES;
				CLANG_ENABLE_OBJC_ARC = YES;
				CLANG_WARN_BLOCK_CAPTURE_AUTORELEASING = YES;
				CLANG_WARN_BOOL_CONVERSION = YES;
				CLANG_WARN_COMMA = YES;
				CLANG_WARN_CONSTANT_CONVERSION = YES;
				CLANG_WARN_DEPRECATED_OBJC_IMPLEMENTATIONS = YES;
				CLANG_WARN_DIRECT_OBJC_ISA_USAGE = YES_ERROR;
				CLANG_WARN_EMPTY_BODY = YES;
				CLANG_WARN_ENUM_CONVERSION = YES;
				CLANG_WARN_INFINITE_RECURSION = YES;
				CLANG_WARN_INT_CONVERSION = YES;
				CLANG_WARN_NON_LITERAL_NULL_CONVERSION = YES;
				CLANG_WARN_OBJC_IMPLICIT_RETAIN_SELF = YES;
				CLANG_WARN_OBJC_LITERAL_CONVERSION = YES;
				CLANG_WARN_OBJC_ROOT_CLASS = YES_ERROR;
				CLANG_WARN_RANGE_LOOP_ANALYSIS = YES;
				CLANG_WARN_STRICT_PROTOTYPES = YES;
				CLANG_WARN_SUSPICIOUS_MOVE = YES;
				CLANG_WARN_UNREACHABLE_CODE = YES;
				CLANG_WARN__DUPLICATE_METHOD_MATCH = YES;
				"CODE_SIGN_IDENTITY[sdk=iphoneos*]" = "iPhone Developer";
				COPY_PHASE_STRIP = NO;
				ENABLE_STRICT_OBJC_MSGSEND = YES;
				ENABLE_TESTABILITY = YES;
				"EXCLUDED_ARCHS[sdk=iphonesimulator*]" = "";
				GCC_C_LANGUAGE_STANDARD = gnu99;
				GCC_DYNAMIC_NO_PIC = NO;
				GCC_NO_COMMON_BLOCKS = YES;
				GCC_OPTIMIZATION_LEVEL = 0;
				GCC_PREPROCESSOR_DEFINITIONS = (
					"DEBUG=1",
					"$(inherited)",
				);
				GCC_SYMBOLS_PRIVATE_EXTERN = NO;
				GCC_WARN_64_TO_32_BIT_CONVERSION = YES;
				GCC_WARN_ABOUT_RETURN_TYPE = YES_ERROR;
				GCC_WARN_UNDECLARED_SELECTOR = YES;
				GCC_WARN_UNINITIALIZED_AUTOS = YES_AGGRESSIVE;
				GCC_WARN_UNUSED_FUNCTION = YES;
				GCC_WARN_UNUSED_VARIABLE = YES;
				IPHONEOS_DEPLOYMENT_TARGET = 12.4;
				LD_RUNPATH_SEARCH_PATHS = "/usr/lib/swift $(inherited)";
				LIBRARY_SEARCH_PATHS = (
					"$(SDKROOT)/usr/lib/swift",
					"\"$(TOOLCHAIN_DIR)/usr/lib/swift/$(PLATFORM_NAME)\"",
					"\"$(inherited)\"",
				);
				MTL_ENABLE_DEBUG_INFO = YES;
				ONLY_ACTIVE_ARCH = YES;
				REACT_NATIVE_PATH = "${PODS_ROOT}/../../node_modules/react-native";
				SDKROOT = iphoneos;
			};
			name = Debug;
		};
		83CBBA211A601CBA00E9B192 /* Release */ = {
			isa = XCBuildConfiguration;
			buildSettings = {
				ALWAYS_SEARCH_USER_PATHS = NO;
				CLANG_ANALYZER_LOCALIZABILITY_NONLOCALIZED = YES;
				CLANG_CXX_LANGUAGE_STANDARD = "gnu++0x";
				CLANG_CXX_LIBRARY = "libc++";
				CLANG_ENABLE_MODULES = YES;
				CLANG_ENABLE_OBJC_ARC = YES;
				CLANG_WARN_BLOCK_CAPTURE_AUTORELEASING = YES;
				CLANG_WARN_BOOL_CONVERSION = YES;
				CLANG_WARN_COMMA = YES;
				CLANG_WARN_CONSTANT_CONVERSION = YES;
				CLANG_WARN_DEPRECATED_OBJC_IMPLEMENTATIONS = YES;
				CLANG_WARN_DIRECT_OBJC_ISA_USAGE = YES_ERROR;
				CLANG_WARN_EMPTY_BODY = YES;
				CLANG_WARN_ENUM_CONVERSION = YES;
				CLANG_WARN_INFINITE_RECURSION = YES;
				CLANG_WARN_INT_CONVERSION = YES;
				CLANG_WARN_NON_LITERAL_NULL_CONVERSION = YES;
				CLANG_WARN_OBJC_IMPLICIT_RETAIN_SELF = YES;
				CLANG_WARN_OBJC_LITERAL_CONVERSION = YES;
				CLANG_WARN_OBJC_ROOT_CLASS = YES_ERROR;
				CLANG_WARN_RANGE_LOOP_ANALYSIS = YES;
				CLANG_WARN_STRICT_PROTOTYPES = YES;
				CLANG_WARN_SUSPICIOUS_MOVE = YES;
				CLANG_WARN_UNREACHABLE_CODE = YES;
				CLANG_WARN__DUPLICATE_METHOD_MATCH = YES;
				"CODE_SIGN_IDENTITY[sdk=iphoneos*]" = "iPhone Developer";
				COPY_PHASE_STRIP = YES;
				ENABLE_NS_ASSERTIONS = NO;
				ENABLE_STRICT_OBJC_MSGSEND = YES;
				"EXCLUDED_ARCHS[sdk=iphonesimulator*]" = "";
				GCC_C_LANGUAGE_STANDARD = gnu99;
				GCC_NO_COMMON_BLOCKS = YES;
				GCC_WARN_64_TO_32_BIT_CONVERSION = YES;
				GCC_WARN_ABOUT_RETURN_TYPE = YES_ERROR;
				GCC_WARN_UNDECLARED_SELECTOR = YES;
				GCC_WARN_UNINITIALIZED_AUTOS = YES_AGGRESSIVE;
				GCC_WARN_UNUSED_FUNCTION = YES;
				GCC_WARN_UNUSED_VARIABLE = YES;
				IPHONEOS_DEPLOYMENT_TARGET = 12.4;
				LD_RUNPATH_SEARCH_PATHS = "/usr/lib/swift $(inherited)";
				LIBRARY_SEARCH_PATHS = (
					"$(SDKROOT)/usr/lib/swift",
					"\"$(TOOLCHAIN_DIR)/usr/lib/swift/$(PLATFORM_NAME)\"",
					"\"$(inherited)\"",
				);
				MTL_ENABLE_DEBUG_INFO = NO;
				REACT_NATIVE_PATH = "${PODS_ROOT}/../../node_modules/react-native";
				SDKROOT = iphoneos;
				VALIDATE_PRODUCT = YES;
			};
			name = Release;
		};
/* End XCBuildConfiguration section */

/* Begin XCConfigurationList section */
		00E357021AD99517003FC87E /* Build configuration list for PBXNativeTarget "boostkwTests" */ = {
			isa = XCConfigurationList;
			buildConfigurations = (
				00E356F61AD99517003FC87E /* Debug */,
				00E356F71AD99517003FC87E /* Release */,
			);
			defaultConfigurationIsVisible = 0;
			defaultConfigurationName = Release;
		};
		13B07F931A680F5B00A75B9A /* Build configuration list for PBXNativeTarget "boostkw" */ = {
			isa = XCConfigurationList;
			buildConfigurations = (
				13B07F941A680F5B00A75B9A /* Debug */,
				13B07F951A680F5B00A75B9A /* Release */,
			);
			defaultConfigurationIsVisible = 0;
			defaultConfigurationName = Release;
		};
		2D02E4BA1E0B4A5E006451C7 /* Build configuration list for PBXNativeTarget "boostkw-tvOS" */ = {
			isa = XCConfigurationList;
			buildConfigurations = (
				2D02E4971E0B4A5E006451C7 /* Debug */,
				2D02E4981E0B4A5E006451C7 /* Release */,
			);
			defaultConfigurationIsVisible = 0;
			defaultConfigurationName = Release;
		};
		2D02E4BB1E0B4A5E006451C7 /* Build configuration list for PBXNativeTarget "boostkw-tvOSTests" */ = {
			isa = XCConfigurationList;
			buildConfigurations = (
				2D02E4991E0B4A5E006451C7 /* Debug */,
				2D02E49A1E0B4A5E006451C7 /* Release */,
			);
			defaultConfigurationIsVisible = 0;
			defaultConfigurationName = Release;
		};
		83CBB9FA1A601CBA00E9B192 /* Build configuration list for PBXProject "boostkw" */ = {
			isa = XCConfigurationList;
			buildConfigurations = (
				83CBBA201A601CBA00E9B192 /* Debug */,
				83CBBA211A601CBA00E9B192 /* Release */,
			);
			defaultConfigurationIsVisible = 0;
			defaultConfigurationName = Release;
		};
/* End XCConfigurationList section */
	};
	rootObject = 83CBB9F71A601CBA00E9B192 /* Project object */;
}
